
Microsoft Visual Studio Solution File, Format Version 12.00
# Visual Studio Version 16
VisualStudioVersion = 16.0.30717.126
MinimumVisualStudioVersion = 10.0.40219.1
Project("{9A19103F-16F7-4668-BE54-9A1E7A4F7556}") = "WebAPI", "WebAPI\WebAPI.csproj", "{4F92D8EA-88AD-4BC3-A03B-751C6C7EE507}"
EndProject
Project("{9A19103F-16F7-4668-BE54-9A1E7A4F7556}") = "Contracts", "Contracts\Contracts.csproj", "{2CC48AA2-BA5D-4A60-834F-598A5AC4E6B0}"
EndProject
Project("{9A19103F-16F7-4668-BE54-9A1E7A4F7556}") = "Entities", "Entities\Entities.csproj", "{19BE5901-6F71-440C-9433-905230D426A8}"
EndProject
Project("{9A19103F-16F7-4668-BE54-9A1E7A4F7556}") = "LoggerService", "LoggerService\LoggerService.csproj", "{006A8F5D-694E-4BF0-BCF9-06A943A0A3F5}"
EndProject
Project("{FAE04EC0-301F-11D3-BF4B-00C04F79EFBC}") = "Dapper.Infrastructure", "Dapper.Infrastructure\Dapper.Infrastructure.csproj", "{8DC60DFC-C761-428B-A0CB-0B4F2A925631}"
EndProject
Global
	GlobalSection(SolutionConfigurationPlatforms) = preSolution
		Debug|Any CPU = Debug|Any CPU
		Release|Any CPU = Release|Any CPU
	EndGlobalSection
	GlobalSection(ProjectConfigurationPlatforms) = postSolution
		{4F92D8EA-88AD-4BC3-A03B-751C6C7EE507}.Debug|Any CPU.ActiveCfg = Debug|Any CPU
		{4F92D8EA-88AD-4BC3-A03B-751C6C7EE507}.Debug|Any CPU.Build.0 = Debug|Any CPU
		{4F92D8EA-88AD-4BC3-A03B-751C6C7EE507}.Release|Any CPU.ActiveCfg = Release|Any CPU
		{4F92D8EA-88AD-4BC3-A03B-751C6C7EE507}.Release|Any CPU.Build.0 = Release|Any CPU
		{2CC48AA2-BA5D-4A60-834F-598A5AC4E6B0}.Debug|Any CPU.ActiveCfg = Debug|Any CPU
		{2CC48AA2-BA5D-4A60-834F-598A5AC4E6B0}.Debug|Any CPU.Build.0 = Debug|Any CPU
		{2CC48AA2-BA5D-4A60-834F-598A5AC4E6B0}.Release|Any CPU.ActiveCfg = Release|Any CPU
		{2CC48AA2-BA5D-4A60-834F-598A5AC4E6B0}.Release|Any CPU.Build.0 = Release|Any CPU
		{19BE5901-6F71-440C-9433-905230D426A8}.Debug|Any CPU.ActiveCfg = Debug|Any CPU
		{19BE5901-6F71-440C-9433-905230D426A8}.Debug|Any CPU.Build.0 = Debug|Any CPU
		{19BE5901-6F71-440C-9433-905230D426A8}.Release|Any CPU.ActiveCfg = Release|Any CPU
		{19BE5901-6F71-440C-9433-905230D426A8}.Release|Any CPU.Build.0 = Release|Any CPU
		{006A8F5D-694E-4BF0-BCF9-06A943A0A3F5}.Debug|Any CPU.ActiveCfg = Debug|Any CPU
		{006A8F5D-694E-4BF0-BCF9-06A943A0A3F5}.Debug|Any CPU.Build.0 = Debug|Any CPU
		{006A8F5D-694E-4BF0-BCF9-06A943A0A3F5}.Release|Any CPU.ActiveCfg = Release|Any CPU
		{006A8F5D-694E-4BF0-BCF9-06A943A0A3F5}.Release|Any CPU.Build.0 = Release|Any CPU
		{8DC60DFC-C761-428B-A0CB-0B4F2A925631}.Debug|Any CPU.ActiveCfg = Debug|Any CPU
		{8DC60DFC-C761-428B-A0CB-0B4F2A925631}.Debug|Any CPU.Build.0 = Debug|Any CPU
		{8DC60DFC-C761-428B-A0CB-0B4F2A925631}.Release|Any CPU.ActiveCfg = Release|Any CPU
		{8DC60DFC-C761-428B-A0CB-0B4F2A925631}.Release|Any CPU.Build.0 = Release|Any CPU
	EndGlobalSection
	GlobalSection(SolutionProperties) = preSolution
		HideSolutionNode = FALSE
	EndGlobalSection
	GlobalSection(ExtensibilityGlobals) = postSolution
		SolutionGuid = {4B709340-AF6C-4193-B5DD-D9FC53204857}
	EndGlobalSection
EndGlobal
